
Microsoft Visual Studio Solution File, Format Version 12.00
# Visual Studio Version 17
VisualStudioVersion = 17.0.31903.59
MinimumVisualStudioVersion = 10.0.40219.1
Project("{FAE04EC0-301F-11D3-BF4B-00C04F79EFBC}") = "Logical", "Logical.csproj", "{F234575F-BF29-4598-9B1F-F90AC36FEC2A}"
EndProject
Project("{FAE04EC0-301F-11D3-BF4B-00C04F79EFBC}") = "ProductAPI", "..\ProductAPI\ProductAPI.csproj", "{8C861A25-3EF1-4402-AFC4-B0061DCF9C71}"
EndProject
Global
	GlobalSection(SolutionConfigurationPlatforms) = preSolution
		Debug|Any CPU = Debug|Any CPU
		Release|Any CPU = Release|Any CPU
	EndGlobalSection
	GlobalSection(ProjectConfigurationPlatforms) = postSolution
		{F234575F-BF29-4598-9B1F-F90AC36FEC2A}.Debug|Any CPU.ActiveCfg = Debug|Any CPU
		{F234575F-BF29-4598-9B1F-F90AC36FEC2A}.Debug|Any CPU.Build.0 = Debug|Any CPU
		{F234575F-BF29-4598-9B1F-F90AC36FEC2A}.Release|Any CPU.ActiveCfg = Release|Any CPU
		{F234575F-BF29-4598-9B1F-F90AC36FEC2A}.Release|Any CPU.Build.0 = Release|Any CPU
		{8C861A25-3EF1-4402-AFC4-B0061DCF9C71}.Debug|Any CPU.ActiveCfg = Debug|Any CPU
		{8C861A25-3EF1-4402-AFC4-B0061DCF9C71}.Debug|Any CPU.Build.0 = Debug|Any CPU
		{8C861A25-3EF1-4402-AFC4-B0061DCF9C71}.Release|Any CPU.ActiveCfg = Release|Any CPU
		{8C861A25-3EF1-4402-AFC4-B0061DCF9C71}.Release|Any CPU.Build.0 = Release|Any CPU
	EndGlobalSection
	GlobalSection(SolutionProperties) = preSolution
		HideSolutionNode = FALSE
	EndGlobalSection
	GlobalSection(ExtensibilityGlobals) = postSolution
		SolutionGuid = {79045760-FCD8-47B0-BB90-448EAD5038DD}
	EndGlobalSection
EndGlobal
